
Microsoft Visual Studio Solution File, Format Version 12.00
# Visual Studio Version 17
VisualStudioVersion = 17.11.35222.181
MinimumVisualStudioVersion = 10.0.40219.1
Project("{FAE04EC0-301F-11D3-BF4B-00C04F79EFBC}") = "IRISTest", "IRISTest\IRISTest.csproj", "{FAD5F735-EA50-4E03-8B91-1046F903E2A6}"
EndProject
Global
	GlobalSection(SolutionConfigurationPlatforms) = preSolution
		Debug|Any CPU = Debug|Any CPU
		Release|Any CPU = Release|Any CPU
	EndGlobalSection
	GlobalSection(ProjectConfigurationPlatforms) = postSolution
		{FAD5F735-EA50-4E03-8B91-1046F903E2A6}.Debug|Any CPU.ActiveCfg = Debug|Any CPU
		{FAD5F735-EA50-4E03-8B91-1046F903E2A6}.Debug|Any CPU.Build.0 = Debug|Any CPU
		{FAD5F735-EA50-4E03-8B91-1046F903E2A6}.Release|Any CPU.ActiveCfg = Release|Any CPU
		{FAD5F735-EA50-4E03-8B91-1046F903E2A6}.Release|Any CPU.Build.0 = Release|Any CPU
	EndGlobalSection
	GlobalSection(SolutionProperties) = preSolution
		HideSolutionNode = FALSE
	EndGlobalSection
	GlobalSection(ExtensibilityGlobals) = postSolution
		SolutionGuid = {EB629597-6672-4F57-A1F3-9043F13C52F2}
	EndGlobalSection
EndGlobal
